
Microsoft Visual Studio Solution File, Format Version 12.00
# Visual Studio Version 16
VisualStudioVersion = 16.0.29806.167
MinimumVisualStudioVersion = 10.0.40219.1
Project("{8BC9CEB8-8B4A-11D0-8D11-00A0C91BC942}") = "Task1", "Task1\Task1.vcxproj", "{DBD7FCB2-40AF-4D00-8852-0B40E8090478}"
EndProject
Project("{8BC9CEB8-8B4A-11D0-8D11-00A0C91BC942}") = "Task2", "Task2\Task2.vcxproj", "{06187346-F1CB-44F5-A93D-5159AC0FA513}"
EndProject
Global
	GlobalSection(SolutionConfigurationPlatforms) = preSolution
		Debug|x64 = Debug|x64
		Debug|x86 = Debug|x86
		Release|x64 = Release|x64
		Release|x86 = Release|x86
	EndGlobalSection
	GlobalSection(ProjectConfigurationPlatforms) = postSolution
		{DBD7FCB2-40AF-4D00-8852-0B40E8090478}.Debug|x64.ActiveCfg = Debug|x64
		{DBD7FCB2-40AF-4D00-8852-0B40E8090478}.Debug|x64.Build.0 = Debug|x64
		{DBD7FCB2-40AF-4D00-8852-0B40E8090478}.Debug|x86.ActiveCfg = Debug|Win32
		{DBD7FCB2-40AF-4D00-8852-0B40E8090478}.Debug|x86.Build.0 = Debug|Win32
		{DBD7FCB2-40AF-4D00-8852-0B40E8090478}.Release|x64.ActiveCfg = Release|x64
		{DBD7FCB2-40AF-4D00-8852-0B40E8090478}.Release|x64.Build.0 = Release|x64
		{DBD7FCB2-40AF-4D00-8852-0B40E8090478}.Release|x86.ActiveCfg = Release|Win32
		{DBD7FCB2-40AF-4D00-8852-0B40E8090478}.Release|x86.Build.0 = Release|Win32
		{06187346-F1CB-44F5-A93D-5159AC0FA513}.Debug|x64.ActiveCfg = Debug|x64
		{06187346-F1CB-44F5-A93D-5159AC0FA513}.Debug|x64.Build.0 = Debug|x64
		{06187346-F1CB-44F5-A93D-5159AC0FA513}.Debug|x86.ActiveCfg = Debug|Win32
		{06187346-F1CB-44F5-A93D-5159AC0FA513}.Debug|x86.Build.0 = Debug|Win32
		{06187346-F1CB-44F5-A93D-5159AC0FA513}.Release|x64.ActiveCfg = Release|x64
		{06187346-F1CB-44F5-A93D-5159AC0FA513}.Release|x64.Build.0 = Release|x64
		{06187346-F1CB-44F5-A93D-5159AC0FA513}.Release|x86.ActiveCfg = Release|Win32
		{06187346-F1CB-44F5-A93D-5159AC0FA513}.Release|x86.Build.0 = Release|Win32
	EndGlobalSection
	GlobalSection(SolutionProperties) = preSolution
		HideSolutionNode = FALSE
	EndGlobalSection
	GlobalSection(ExtensibilityGlobals) = postSolution
		SolutionGuid = {27DD6270-315C-4366-9DDF-8F62126981EC}
	EndGlobalSection
EndGlobal
